
Microsoft Visual Studio Solution File, Format Version 12.00
# Visual Studio Version 17
VisualStudioVersion = 17.8.34511.84
MinimumVisualStudioVersion = 10.0.40219.1
Project("{8BC9CEB8-8B4A-11D0-8D11-00A0C91BC942}") = "Problem #16 - ProgrammingAdvices", "Problem #16 - ProgrammingAdvices.vcxproj", "{193C1574-E37E-4613-B210-49FF6467AEAF}"
EndProject
Global
	GlobalSection(SolutionConfigurationPlatforms) = preSolution
		Debug|x64 = Debug|x64
		Debug|x86 = Debug|x86
		Release|x64 = Release|x64
		Release|x86 = Release|x86
	EndGlobalSection
	GlobalSection(ProjectConfigurationPlatforms) = postSolution
		{193C1574-E37E-4613-B210-49FF6467AEAF}.Debug|x64.ActiveCfg = Debug|x64
		{193C1574-E37E-4613-B210-49FF6467AEAF}.Debug|x64.Build.0 = Debug|x64
		{193C1574-E37E-4613-B210-49FF6467AEAF}.Debug|x86.ActiveCfg = Debug|Win32
		{193C1574-E37E-4613-B210-49FF6467AEAF}.Debug|x86.Build.0 = Debug|Win32
		{193C1574-E37E-4613-B210-49FF6467AEAF}.Release|x64.ActiveCfg = Release|x64
		{193C1574-E37E-4613-B210-49FF6467AEAF}.Release|x64.Build.0 = Release|x64
		{193C1574-E37E-4613-B210-49FF6467AEAF}.Release|x86.ActiveCfg = Release|Win32
		{193C1574-E37E-4613-B210-49FF6467AEAF}.Release|x86.Build.0 = Release|Win32
	EndGlobalSection
	GlobalSection(SolutionProperties) = preSolution
		HideSolutionNode = FALSE
	EndGlobalSection
	GlobalSection(ExtensibilityGlobals) = postSolution
		SolutionGuid = {2B1C2488-52CA-43E6-9C61-5366A0FBC195}
	EndGlobalSection
EndGlobal
