
Microsoft Visual Studio Solution File, Format Version 12.00
# Visual Studio Version 17
VisualStudioVersion = 17.14.36301.6 d17.14
MinimumVisualStudioVersion = 10.0.40219.1
Project("{FAE04EC0-301F-11D3-BF4B-00C04F79EFBC}") = "TicTacToeGame", "TicTacToeGame.csproj", "{C8BA434C-AB74-4474-B08A-A25EC820337B}"
EndProject
Global
	GlobalSection(SolutionConfigurationPlatforms) = preSolution
		Debug|Any CPU = Debug|Any CPU
		Release|Any CPU = Release|Any CPU
	EndGlobalSection
	GlobalSection(ProjectConfigurationPlatforms) = postSolution
		{C8BA434C-AB74-4474-B08A-A25EC820337B}.Debug|Any CPU.ActiveCfg = Debug|Any CPU
		{C8BA434C-AB74-4474-B08A-A25EC820337B}.Debug|Any CPU.Build.0 = Debug|Any CPU
		{C8BA434C-AB74-4474-B08A-A25EC820337B}.Release|Any CPU.ActiveCfg = Release|Any CPU
		{C8BA434C-AB74-4474-B08A-A25EC820337B}.Release|Any CPU.Build.0 = Release|Any CPU
	EndGlobalSection
	GlobalSection(SolutionProperties) = preSolution
		HideSolutionNode = FALSE
	EndGlobalSection
	GlobalSection(ExtensibilityGlobals) = postSolution
		SolutionGuid = {E379D79A-4087-46A3-A2F7-E60905CD82C2}
	EndGlobalSection
EndGlobal
