
Microsoft Visual Studio Solution File, Format Version 12.00
# Visual Studio Version 17
VisualStudioVersion = 17.13.35828.75 d17.13
MinimumVisualStudioVersion = 10.0.40219.1
Project("{8BC9CEB8-8B4A-11D0-8D11-00A0C91BC942}") = "Lesson #25 - Find User Screen", "Lesson #25 - Find User Screen.vcxproj", "{0F7120EC-D2D2-41B4-BC7B-27E939A170B4}"
EndProject
Global
	GlobalSection(SolutionConfigurationPlatforms) = preSolution
		Debug|x64 = Debug|x64
		Debug|x86 = Debug|x86
		Release|x64 = Release|x64
		Release|x86 = Release|x86
	EndGlobalSection
	GlobalSection(ProjectConfigurationPlatforms) = postSolution
		{0F7120EC-D2D2-41B4-BC7B-27E939A170B4}.Debug|x64.ActiveCfg = Debug|x64
		{0F7120EC-D2D2-41B4-BC7B-27E939A170B4}.Debug|x64.Build.0 = Debug|x64
		{0F7120EC-D2D2-41B4-BC7B-27E939A170B4}.Debug|x86.ActiveCfg = Debug|Win32
		{0F7120EC-D2D2-41B4-BC7B-27E939A170B4}.Debug|x86.Build.0 = Debug|Win32
		{0F7120EC-D2D2-41B4-BC7B-27E939A170B4}.Release|x64.ActiveCfg = Release|x64
		{0F7120EC-D2D2-41B4-BC7B-27E939A170B4}.Release|x64.Build.0 = Release|x64
		{0F7120EC-D2D2-41B4-BC7B-27E939A170B4}.Release|x86.ActiveCfg = Release|Win32
		{0F7120EC-D2D2-41B4-BC7B-27E939A170B4}.Release|x86.Build.0 = Release|Win32
	EndGlobalSection
	GlobalSection(SolutionProperties) = preSolution
		HideSolutionNode = FALSE
	EndGlobalSection
	GlobalSection(ExtensibilityGlobals) = postSolution
		SolutionGuid = {BA2F177B-4B59-4200-A3CD-5383AD2BE336}
	EndGlobalSection
EndGlobal
