
Microsoft Visual Studio Solution File, Format Version 12.00
# Visual Studio Version 17
VisualStudioVersion = 17.8.34511.84
MinimumVisualStudioVersion = 10.0.40219.1
Project("{8BC9CEB8-8B4A-11D0-8D11-00A0C91BC942}") = "Problem #01 - ProgrammingAdvices", "Problem #01 - ProgrammingAdvices.vcxproj", "{E68D57E9-225E-4C66-9858-541BA2AB2B7A}"
EndProject
Global
	GlobalSection(SolutionConfigurationPlatforms) = preSolution
		Debug|x64 = Debug|x64
		Debug|x86 = Debug|x86
		Release|x64 = Release|x64
		Release|x86 = Release|x86
	EndGlobalSection
	GlobalSection(ProjectConfigurationPlatforms) = postSolution
		{E68D57E9-225E-4C66-9858-541BA2AB2B7A}.Debug|x64.ActiveCfg = Debug|x64
		{E68D57E9-225E-4C66-9858-541BA2AB2B7A}.Debug|x64.Build.0 = Debug|x64
		{E68D57E9-225E-4C66-9858-541BA2AB2B7A}.Debug|x86.ActiveCfg = Debug|Win32
		{E68D57E9-225E-4C66-9858-541BA2AB2B7A}.Debug|x86.Build.0 = Debug|Win32
		{E68D57E9-225E-4C66-9858-541BA2AB2B7A}.Release|x64.ActiveCfg = Release|x64
		{E68D57E9-225E-4C66-9858-541BA2AB2B7A}.Release|x64.Build.0 = Release|x64
		{E68D57E9-225E-4C66-9858-541BA2AB2B7A}.Release|x86.ActiveCfg = Release|Win32
		{E68D57E9-225E-4C66-9858-541BA2AB2B7A}.Release|x86.Build.0 = Release|Win32
	EndGlobalSection
	GlobalSection(SolutionProperties) = preSolution
		HideSolutionNode = FALSE
	EndGlobalSection
	GlobalSection(ExtensibilityGlobals) = postSolution
		SolutionGuid = {EB54DC38-6CD8-4AB5-A2AE-042A96E25AA8}
	EndGlobalSection
EndGlobal
