
Microsoft Visual Studio Solution File, Format Version 12.00
# Visual Studio Version 17
VisualStudioVersion = 17.8.34511.84
MinimumVisualStudioVersion = 10.0.40219.1
Project("{8BC9CEB8-8B4A-11D0-8D11-00A0C91BC942}") = "Problem #10 - ProgrammingAdvices", "Problem #10 - ProgrammingAdvices.vcxproj", "{1474D7DE-E84A-4F98-BBEC-6A34BC024198}"
EndProject
Global
	GlobalSection(SolutionConfigurationPlatforms) = preSolution
		Debug|x64 = Debug|x64
		Debug|x86 = Debug|x86
		Release|x64 = Release|x64
		Release|x86 = Release|x86
	EndGlobalSection
	GlobalSection(ProjectConfigurationPlatforms) = postSolution
		{1474D7DE-E84A-4F98-BBEC-6A34BC024198}.Debug|x64.ActiveCfg = Debug|x64
		{1474D7DE-E84A-4F98-BBEC-6A34BC024198}.Debug|x64.Build.0 = Debug|x64
		{1474D7DE-E84A-4F98-BBEC-6A34BC024198}.Debug|x86.ActiveCfg = Debug|Win32
		{1474D7DE-E84A-4F98-BBEC-6A34BC024198}.Debug|x86.Build.0 = Debug|Win32
		{1474D7DE-E84A-4F98-BBEC-6A34BC024198}.Release|x64.ActiveCfg = Release|x64
		{1474D7DE-E84A-4F98-BBEC-6A34BC024198}.Release|x64.Build.0 = Release|x64
		{1474D7DE-E84A-4F98-BBEC-6A34BC024198}.Release|x86.ActiveCfg = Release|Win32
		{1474D7DE-E84A-4F98-BBEC-6A34BC024198}.Release|x86.Build.0 = Release|Win32
	EndGlobalSection
	GlobalSection(SolutionProperties) = preSolution
		HideSolutionNode = FALSE
	EndGlobalSection
	GlobalSection(ExtensibilityGlobals) = postSolution
		SolutionGuid = {4CB802DA-DDEC-4220-AFDC-2662DB115D4F}
	EndGlobalSection
EndGlobal
