
Microsoft Visual Studio Solution File, Format Version 12.00
# Visual Studio Version 17
VisualStudioVersion = 17.13.35828.75 d17.13
MinimumVisualStudioVersion = 10.0.40219.1
Project("{8BC9CEB8-8B4A-11D0-8D11-00A0C91BC942}") = "Lesson #21 - List Users Screen", "Lesson #21 - List Users Screen.vcxproj", "{A712CB34-0EA7-4A55-9B7B-E3094482850C}"
EndProject
Global
	GlobalSection(SolutionConfigurationPlatforms) = preSolution
		Debug|x64 = Debug|x64
		Debug|x86 = Debug|x86
		Release|x64 = Release|x64
		Release|x86 = Release|x86
	EndGlobalSection
	GlobalSection(ProjectConfigurationPlatforms) = postSolution
		{A712CB34-0EA7-4A55-9B7B-E3094482850C}.Debug|x64.ActiveCfg = Debug|x64
		{A712CB34-0EA7-4A55-9B7B-E3094482850C}.Debug|x64.Build.0 = Debug|x64
		{A712CB34-0EA7-4A55-9B7B-E3094482850C}.Debug|x86.ActiveCfg = Debug|Win32
		{A712CB34-0EA7-4A55-9B7B-E3094482850C}.Debug|x86.Build.0 = Debug|Win32
		{A712CB34-0EA7-4A55-9B7B-E3094482850C}.Release|x64.ActiveCfg = Release|x64
		{A712CB34-0EA7-4A55-9B7B-E3094482850C}.Release|x64.Build.0 = Release|x64
		{A712CB34-0EA7-4A55-9B7B-E3094482850C}.Release|x86.ActiveCfg = Release|Win32
		{A712CB34-0EA7-4A55-9B7B-E3094482850C}.Release|x86.Build.0 = Release|Win32
	EndGlobalSection
	GlobalSection(SolutionProperties) = preSolution
		HideSolutionNode = FALSE
	EndGlobalSection
	GlobalSection(ExtensibilityGlobals) = postSolution
		SolutionGuid = {194E7D41-D152-4E5F-B1D3-635F34A6A2BD}
	EndGlobalSection
EndGlobal
