
Microsoft Visual Studio Solution File, Format Version 12.00
# Visual Studio Version 17
VisualStudioVersion = 17.14.36301.6 d17.14
MinimumVisualStudioVersion = 10.0.40219.1
Project("{FAE04EC0-301F-11D3-BF4B-00C04F79EFBC}") = "personExercice", "personExercice.csproj", "{E72FA698-D9B5-4FF7-8E4F-91B3F0B92B2E}"
EndProject
Global
	GlobalSection(SolutionConfigurationPlatforms) = preSolution
		Debug|Any CPU = Debug|Any CPU
		Release|Any CPU = Release|Any CPU
	EndGlobalSection
	GlobalSection(ProjectConfigurationPlatforms) = postSolution
		{E72FA698-D9B5-4FF7-8E4F-91B3F0B92B2E}.Debug|Any CPU.ActiveCfg = Debug|Any CPU
		{E72FA698-D9B5-4FF7-8E4F-91B3F0B92B2E}.Debug|Any CPU.Build.0 = Debug|Any CPU
		{E72FA698-D9B5-4FF7-8E4F-91B3F0B92B2E}.Release|Any CPU.ActiveCfg = Release|Any CPU
		{E72FA698-D9B5-4FF7-8E4F-91B3F0B92B2E}.Release|Any CPU.Build.0 = Release|Any CPU
	EndGlobalSection
	GlobalSection(SolutionProperties) = preSolution
		HideSolutionNode = FALSE
	EndGlobalSection
	GlobalSection(ExtensibilityGlobals) = postSolution
		SolutionGuid = {A483B03E-BC9E-449F-97F5-C91F06AFFA7F}
	EndGlobalSection
EndGlobal
