
Microsoft Visual Studio Solution File, Format Version 12.00
# Visual Studio Version 17
VisualStudioVersion = 17.8.34511.84
MinimumVisualStudioVersion = 10.0.40219.1
Project("{8BC9CEB8-8B4A-11D0-8D11-00A0C91BC942}") = "Problem #61 - ProgrammingAdvices", "Problem #61 - ProgrammingAdvices.vcxproj", "{D5C27951-9E80-43D2-AE28-ACAFF08CB218}"
EndProject
Global
	GlobalSection(SolutionConfigurationPlatforms) = preSolution
		Debug|x64 = Debug|x64
		Debug|x86 = Debug|x86
		Release|x64 = Release|x64
		Release|x86 = Release|x86
	EndGlobalSection
	GlobalSection(ProjectConfigurationPlatforms) = postSolution
		{D5C27951-9E80-43D2-AE28-ACAFF08CB218}.Debug|x64.ActiveCfg = Debug|x64
		{D5C27951-9E80-43D2-AE28-ACAFF08CB218}.Debug|x64.Build.0 = Debug|x64
		{D5C27951-9E80-43D2-AE28-ACAFF08CB218}.Debug|x86.ActiveCfg = Debug|Win32
		{D5C27951-9E80-43D2-AE28-ACAFF08CB218}.Debug|x86.Build.0 = Debug|Win32
		{D5C27951-9E80-43D2-AE28-ACAFF08CB218}.Release|x64.ActiveCfg = Release|x64
		{D5C27951-9E80-43D2-AE28-ACAFF08CB218}.Release|x64.Build.0 = Release|x64
		{D5C27951-9E80-43D2-AE28-ACAFF08CB218}.Release|x86.ActiveCfg = Release|Win32
		{D5C27951-9E80-43D2-AE28-ACAFF08CB218}.Release|x86.Build.0 = Release|Win32
	EndGlobalSection
	GlobalSection(SolutionProperties) = preSolution
		HideSolutionNode = FALSE
	EndGlobalSection
	GlobalSection(ExtensibilityGlobals) = postSolution
		SolutionGuid = {D132E302-A598-441F-ACC6-707F67112445}
	EndGlobalSection
EndGlobal
