
Microsoft Visual Studio Solution File, Format Version 12.00
# Visual Studio Version 17
VisualStudioVersion = 17.14.36301.6 d17.14
MinimumVisualStudioVersion = 10.0.40219.1
Project("{FAE04EC0-301F-11D3-BF4B-00C04F79EFBC}") = "PizzaProject", "PizzaProject.csproj", "{4390236D-CECD-4860-BB17-C8E7B46976B5}"
EndProject
Global
	GlobalSection(SolutionConfigurationPlatforms) = preSolution
		Debug|Any CPU = Debug|Any CPU
		Release|Any CPU = Release|Any CPU
	EndGlobalSection
	GlobalSection(ProjectConfigurationPlatforms) = postSolution
		{4390236D-CECD-4860-BB17-C8E7B46976B5}.Debug|Any CPU.ActiveCfg = Debug|Any CPU
		{4390236D-CECD-4860-BB17-C8E7B46976B5}.Debug|Any CPU.Build.0 = Debug|Any CPU
		{4390236D-CECD-4860-BB17-C8E7B46976B5}.Release|Any CPU.ActiveCfg = Release|Any CPU
		{4390236D-CECD-4860-BB17-C8E7B46976B5}.Release|Any CPU.Build.0 = Release|Any CPU
	EndGlobalSection
	GlobalSection(SolutionProperties) = preSolution
		HideSolutionNode = FALSE
	EndGlobalSection
	GlobalSection(ExtensibilityGlobals) = postSolution
		SolutionGuid = {9947C185-4043-454C-949F-1FF864C20FAD}
	EndGlobalSection
EndGlobal
