
Microsoft Visual Studio Solution File, Format Version 12.00
# Visual Studio Version 17
VisualStudioVersion = 17.8.34511.84
MinimumVisualStudioVersion = 10.0.40219.1
Project("{8BC9CEB8-8B4A-11D0-8D11-00A0C91BC942}") = "Problem #29 - ProgrammingAdvices", "Problem #29 - ProgrammingAdvices.vcxproj", "{76F67B51-FEDF-4FFE-B064-B3655887F7B2}"
EndProject
Global
	GlobalSection(SolutionConfigurationPlatforms) = preSolution
		Debug|x64 = Debug|x64
		Debug|x86 = Debug|x86
		Release|x64 = Release|x64
		Release|x86 = Release|x86
	EndGlobalSection
	GlobalSection(ProjectConfigurationPlatforms) = postSolution
		{76F67B51-FEDF-4FFE-B064-B3655887F7B2}.Debug|x64.ActiveCfg = Debug|x64
		{76F67B51-FEDF-4FFE-B064-B3655887F7B2}.Debug|x64.Build.0 = Debug|x64
		{76F67B51-FEDF-4FFE-B064-B3655887F7B2}.Debug|x86.ActiveCfg = Debug|Win32
		{76F67B51-FEDF-4FFE-B064-B3655887F7B2}.Debug|x86.Build.0 = Debug|Win32
		{76F67B51-FEDF-4FFE-B064-B3655887F7B2}.Release|x64.ActiveCfg = Release|x64
		{76F67B51-FEDF-4FFE-B064-B3655887F7B2}.Release|x64.Build.0 = Release|x64
		{76F67B51-FEDF-4FFE-B064-B3655887F7B2}.Release|x86.ActiveCfg = Release|Win32
		{76F67B51-FEDF-4FFE-B064-B3655887F7B2}.Release|x86.Build.0 = Release|Win32
	EndGlobalSection
	GlobalSection(SolutionProperties) = preSolution
		HideSolutionNode = FALSE
	EndGlobalSection
	GlobalSection(ExtensibilityGlobals) = postSolution
		SolutionGuid = {FE5B54A5-242E-4758-AB05-F2A9AE023DCA}
	EndGlobalSection
EndGlobal
