
Microsoft Visual Studio Solution File, Format Version 12.00
# Visual Studio Version 17
VisualStudioVersion = 17.4.33213.308
MinimumVisualStudioVersion = 10.0.40219.1
Project("{FAE04EC0-301F-11D3-BF4B-00C04F79EFBC}") = "Action Delegate Example", "Action Delegate Example.csproj", "{2ADB9597-592B-451C-96D8-B29E0C844206}"
EndProject
Global
	GlobalSection(SolutionConfigurationPlatforms) = preSolution
		Debug|Any CPU = Debug|Any CPU
		Release|Any CPU = Release|Any CPU
	EndGlobalSection
	GlobalSection(ProjectConfigurationPlatforms) = postSolution
		{2ADB9597-592B-451C-96D8-B29E0C844206}.Debug|Any CPU.ActiveCfg = Debug|Any CPU
		{2ADB9597-592B-451C-96D8-B29E0C844206}.Debug|Any CPU.Build.0 = Debug|Any CPU
		{2ADB9597-592B-451C-96D8-B29E0C844206}.Release|Any CPU.ActiveCfg = Release|Any CPU
		{2ADB9597-592B-451C-96D8-B29E0C844206}.Release|Any CPU.Build.0 = Release|Any CPU
	EndGlobalSection
	GlobalSection(SolutionProperties) = preSolution
		HideSolutionNode = FALSE
	EndGlobalSection
	GlobalSection(ExtensibilityGlobals) = postSolution
		SolutionGuid = {7E9182F0-F3EB-4115-86AA-D740419246E7}
	EndGlobalSection
EndGlobal
