
Microsoft Visual Studio Solution File, Format Version 12.00
# Visual Studio Version 17
VisualStudioVersion = 17.14.36301.6 d17.14
MinimumVisualStudioVersion = 10.0.40219.1
Project("{FAE04EC0-301F-11D3-BF4B-00C04F79EFBC}") = "ImageExercice", "ImageExercice.csproj", "{B6C0CFBC-2F2F-4557-B49F-38595C19B980}"
EndProject
Global
	GlobalSection(SolutionConfigurationPlatforms) = preSolution
		Debug|Any CPU = Debug|Any CPU
		Release|Any CPU = Release|Any CPU
	EndGlobalSection
	GlobalSection(ProjectConfigurationPlatforms) = postSolution
		{B6C0CFBC-2F2F-4557-B49F-38595C19B980}.Debug|Any CPU.ActiveCfg = Debug|Any CPU
		{B6C0CFBC-2F2F-4557-B49F-38595C19B980}.Debug|Any CPU.Build.0 = Debug|Any CPU
		{B6C0CFBC-2F2F-4557-B49F-38595C19B980}.Release|Any CPU.ActiveCfg = Release|Any CPU
		{B6C0CFBC-2F2F-4557-B49F-38595C19B980}.Release|Any CPU.Build.0 = Release|Any CPU
	EndGlobalSection
	GlobalSection(SolutionProperties) = preSolution
		HideSolutionNode = FALSE
	EndGlobalSection
	GlobalSection(ExtensibilityGlobals) = postSolution
		SolutionGuid = {D0CBC70C-1042-48DF-9866-05D899330B63}
	EndGlobalSection
EndGlobal
