
Microsoft Visual Studio Solution File, Format Version 12.00
# Visual Studio Version 17
VisualStudioVersion = 17.8.34511.84
MinimumVisualStudioVersion = 10.0.40219.1
Project("{8BC9CEB8-8B4A-11D0-8D11-00A0C91BC942}") = "dateClassProject", "dateClassProject.vcxproj", "{30E021BA-CC4E-4B6F-B6A1-3682B3EAD655}"
EndProject
Global
	GlobalSection(SolutionConfigurationPlatforms) = preSolution
		Debug|x64 = Debug|x64
		Debug|x86 = Debug|x86
		Release|x64 = Release|x64
		Release|x86 = Release|x86
	EndGlobalSection
	GlobalSection(ProjectConfigurationPlatforms) = postSolution
		{30E021BA-CC4E-4B6F-B6A1-3682B3EAD655}.Debug|x64.ActiveCfg = Debug|x64
		{30E021BA-CC4E-4B6F-B6A1-3682B3EAD655}.Debug|x64.Build.0 = Debug|x64
		{30E021BA-CC4E-4B6F-B6A1-3682B3EAD655}.Debug|x86.ActiveCfg = Debug|Win32
		{30E021BA-CC4E-4B6F-B6A1-3682B3EAD655}.Debug|x86.Build.0 = Debug|Win32
		{30E021BA-CC4E-4B6F-B6A1-3682B3EAD655}.Release|x64.ActiveCfg = Release|x64
		{30E021BA-CC4E-4B6F-B6A1-3682B3EAD655}.Release|x64.Build.0 = Release|x64
		{30E021BA-CC4E-4B6F-B6A1-3682B3EAD655}.Release|x86.ActiveCfg = Release|Win32
		{30E021BA-CC4E-4B6F-B6A1-3682B3EAD655}.Release|x86.Build.0 = Release|Win32
	EndGlobalSection
	GlobalSection(SolutionProperties) = preSolution
		HideSolutionNode = FALSE
	EndGlobalSection
	GlobalSection(ExtensibilityGlobals) = postSolution
		SolutionGuid = {7F9650A4-5FCC-4CAE-B14F-CD95C330A781}
	EndGlobalSection
EndGlobal
