
Microsoft Visual Studio Solution File, Format Version 12.00
# Visual Studio Version 17
VisualStudioVersion = 17.14.36301.6 d17.14
MinimumVisualStudioVersion = 10.0.40219.1
Project("{FAE04EC0-301F-11D3-BF4B-00C04F79EFBC}") = "Lesson _13 - Retrieve Auto Number Inserting Data", "Lesson _13 - Retrieve Auto Number Inserting Data.csproj", "{9B1BC571-AA5E-40AE-A1D5-234EF5BBEA8C}"
EndProject
Global
	GlobalSection(SolutionConfigurationPlatforms) = preSolution
		Debug|Any CPU = Debug|Any CPU
		Release|Any CPU = Release|Any CPU
	EndGlobalSection
	GlobalSection(ProjectConfigurationPlatforms) = postSolution
		{9B1BC571-AA5E-40AE-A1D5-234EF5BBEA8C}.Debug|Any CPU.ActiveCfg = Debug|Any CPU
		{9B1BC571-AA5E-40AE-A1D5-234EF5BBEA8C}.Debug|Any CPU.Build.0 = Debug|Any CPU
		{9B1BC571-AA5E-40AE-A1D5-234EF5BBEA8C}.Release|Any CPU.ActiveCfg = Release|Any CPU
		{9B1BC571-AA5E-40AE-A1D5-234EF5BBEA8C}.Release|Any CPU.Build.0 = Release|Any CPU
	EndGlobalSection
	GlobalSection(SolutionProperties) = preSolution
		HideSolutionNode = FALSE
	EndGlobalSection
	GlobalSection(ExtensibilityGlobals) = postSolution
		SolutionGuid = {04B35056-4AE7-4298-83EE-8B339C7D2847}
	EndGlobalSection
EndGlobal
