
Microsoft Visual Studio Solution File, Format Version 12.00
# Visual Studio Version 17
VisualStudioVersion = 17.13.35818.85 d17.13
MinimumVisualStudioVersion = 10.0.40219.1
Project("{8BC9CEB8-8B4A-11D0-8D11-00A0C91BC942}") = "Lesson #29 - Up and Down Casting", "Lesson #29 - Up and Down Casting.vcxproj", "{AC828D6D-C9E2-4305-90BD-5116F3EBBDFE}"
EndProject
Global
	GlobalSection(SolutionConfigurationPlatforms) = preSolution
		Debug|x64 = Debug|x64
		Debug|x86 = Debug|x86
		Release|x64 = Release|x64
		Release|x86 = Release|x86
	EndGlobalSection
	GlobalSection(ProjectConfigurationPlatforms) = postSolution
		{AC828D6D-C9E2-4305-90BD-5116F3EBBDFE}.Debug|x64.ActiveCfg = Debug|x64
		{AC828D6D-C9E2-4305-90BD-5116F3EBBDFE}.Debug|x64.Build.0 = Debug|x64
		{AC828D6D-C9E2-4305-90BD-5116F3EBBDFE}.Debug|x86.ActiveCfg = Debug|Win32
		{AC828D6D-C9E2-4305-90BD-5116F3EBBDFE}.Debug|x86.Build.0 = Debug|Win32
		{AC828D6D-C9E2-4305-90BD-5116F3EBBDFE}.Release|x64.ActiveCfg = Release|x64
		{AC828D6D-C9E2-4305-90BD-5116F3EBBDFE}.Release|x64.Build.0 = Release|x64
		{AC828D6D-C9E2-4305-90BD-5116F3EBBDFE}.Release|x86.ActiveCfg = Release|Win32
		{AC828D6D-C9E2-4305-90BD-5116F3EBBDFE}.Release|x86.Build.0 = Release|Win32
	EndGlobalSection
	GlobalSection(SolutionProperties) = preSolution
		HideSolutionNode = FALSE
	EndGlobalSection
	GlobalSection(ExtensibilityGlobals) = postSolution
		SolutionGuid = {DF72133D-DB67-4C04-962A-0D816ABF47CE}
	EndGlobalSection
EndGlobal
