
Microsoft Visual Studio Solution File, Format Version 12.00
# Visual Studio Version 17
VisualStudioVersion = 17.8.34511.84
MinimumVisualStudioVersion = 10.0.40219.1
Project("{8BC9CEB8-8B4A-11D0-8D11-00A0C91BC942}") = "Problem #48 - ProgrammingAdvices", "Problem #48 - ProgrammingAdvices.vcxproj", "{EE9F24B1-E371-45C2-8C31-F7E237B783C3}"
EndProject
Global
	GlobalSection(SolutionConfigurationPlatforms) = preSolution
		Debug|x64 = Debug|x64
		Debug|x86 = Debug|x86
		Release|x64 = Release|x64
		Release|x86 = Release|x86
	EndGlobalSection
	GlobalSection(ProjectConfigurationPlatforms) = postSolution
		{EE9F24B1-E371-45C2-8C31-F7E237B783C3}.Debug|x64.ActiveCfg = Debug|x64
		{EE9F24B1-E371-45C2-8C31-F7E237B783C3}.Debug|x64.Build.0 = Debug|x64
		{EE9F24B1-E371-45C2-8C31-F7E237B783C3}.Debug|x86.ActiveCfg = Debug|Win32
		{EE9F24B1-E371-45C2-8C31-F7E237B783C3}.Debug|x86.Build.0 = Debug|Win32
		{EE9F24B1-E371-45C2-8C31-F7E237B783C3}.Release|x64.ActiveCfg = Release|x64
		{EE9F24B1-E371-45C2-8C31-F7E237B783C3}.Release|x64.Build.0 = Release|x64
		{EE9F24B1-E371-45C2-8C31-F7E237B783C3}.Release|x86.ActiveCfg = Release|Win32
		{EE9F24B1-E371-45C2-8C31-F7E237B783C3}.Release|x86.Build.0 = Release|Win32
	EndGlobalSection
	GlobalSection(SolutionProperties) = preSolution
		HideSolutionNode = FALSE
	EndGlobalSection
	GlobalSection(ExtensibilityGlobals) = postSolution
		SolutionGuid = {EC24B038-E06B-4120-8EF7-532A416A937A}
	EndGlobalSection
EndGlobal
