
Microsoft Visual Studio Solution File, Format Version 12.00
# Visual Studio Version 17
VisualStudioVersion = 17.13.35818.85 d17.13
MinimumVisualStudioVersion = 10.0.40219.1
Project("{8BC9CEB8-8B4A-11D0-8D11-00A0C91BC942}") = "Lesson #43 - Arrays - Constructors", "Lesson #43 - Arrays - Constructors.vcxproj", "{9D84BC9D-B290-4407-B5E4-16226B5EF0D9}"
EndProject
Global
	GlobalSection(SolutionConfigurationPlatforms) = preSolution
		Debug|x64 = Debug|x64
		Debug|x86 = Debug|x86
		Release|x64 = Release|x64
		Release|x86 = Release|x86
	EndGlobalSection
	GlobalSection(ProjectConfigurationPlatforms) = postSolution
		{9D84BC9D-B290-4407-B5E4-16226B5EF0D9}.Debug|x64.ActiveCfg = Debug|x64
		{9D84BC9D-B290-4407-B5E4-16226B5EF0D9}.Debug|x64.Build.0 = Debug|x64
		{9D84BC9D-B290-4407-B5E4-16226B5EF0D9}.Debug|x86.ActiveCfg = Debug|Win32
		{9D84BC9D-B290-4407-B5E4-16226B5EF0D9}.Debug|x86.Build.0 = Debug|Win32
		{9D84BC9D-B290-4407-B5E4-16226B5EF0D9}.Release|x64.ActiveCfg = Release|x64
		{9D84BC9D-B290-4407-B5E4-16226B5EF0D9}.Release|x64.Build.0 = Release|x64
		{9D84BC9D-B290-4407-B5E4-16226B5EF0D9}.Release|x86.ActiveCfg = Release|Win32
		{9D84BC9D-B290-4407-B5E4-16226B5EF0D9}.Release|x86.Build.0 = Release|Win32
	EndGlobalSection
	GlobalSection(SolutionProperties) = preSolution
		HideSolutionNode = FALSE
	EndGlobalSection
	GlobalSection(ExtensibilityGlobals) = postSolution
		SolutionGuid = {7C57197D-77D7-4CA2-A33B-C939EAD6ED7A}
	EndGlobalSection
EndGlobal
