
Microsoft Visual Studio Solution File, Format Version 12.00
# Visual Studio Version 17
VisualStudioVersion = 17.14.36301.6 d17.14
MinimumVisualStudioVersion = 10.0.40219.1
Project("{FAE04EC0-301F-11D3-BF4B-00C04F79EFBC}") = "Project #01 - Copy", "Project #01 - Copy.csproj", "{768F43AF-ED76-4937-BD07-B72CC3AA5D2A}"
EndProject
Global
	GlobalSection(SolutionConfigurationPlatforms) = preSolution
		Debug|Any CPU = Debug|Any CPU
		Release|Any CPU = Release|Any CPU
	EndGlobalSection
	GlobalSection(ProjectConfigurationPlatforms) = postSolution
		{768F43AF-ED76-4937-BD07-B72CC3AA5D2A}.Debug|Any CPU.ActiveCfg = Debug|Any CPU
		{768F43AF-ED76-4937-BD07-B72CC3AA5D2A}.Debug|Any CPU.Build.0 = Debug|Any CPU
		{768F43AF-ED76-4937-BD07-B72CC3AA5D2A}.Release|Any CPU.ActiveCfg = Release|Any CPU
		{768F43AF-ED76-4937-BD07-B72CC3AA5D2A}.Release|Any CPU.Build.0 = Release|Any CPU
	EndGlobalSection
	GlobalSection(SolutionProperties) = preSolution
		HideSolutionNode = FALSE
	EndGlobalSection
	GlobalSection(ExtensibilityGlobals) = postSolution
		SolutionGuid = {16CF89A4-EC67-4486-B156-5E56CFBEE6E9}
	EndGlobalSection
EndGlobal
