
Microsoft Visual Studio Solution File, Format Version 12.00
# Visual Studio Version 17
VisualStudioVersion = 17.13.35919.96 d17.13
MinimumVisualStudioVersion = 10.0.40219.1
Project("{8BC9CEB8-8B4A-11D0-8D11-00A0C91BC942}") = "Lesson #27 - Logout", "Lesson #27 - Logout.vcxproj", "{907A93BD-FE30-4FC3-ABE8-BD0388DD5EB1}"
EndProject
Global
	GlobalSection(SolutionConfigurationPlatforms) = preSolution
		Debug|x64 = Debug|x64
		Debug|x86 = Debug|x86
		Release|x64 = Release|x64
		Release|x86 = Release|x86
	EndGlobalSection
	GlobalSection(ProjectConfigurationPlatforms) = postSolution
		{907A93BD-FE30-4FC3-ABE8-BD0388DD5EB1}.Debug|x64.ActiveCfg = Debug|x64
		{907A93BD-FE30-4FC3-ABE8-BD0388DD5EB1}.Debug|x64.Build.0 = Debug|x64
		{907A93BD-FE30-4FC3-ABE8-BD0388DD5EB1}.Debug|x86.ActiveCfg = Debug|Win32
		{907A93BD-FE30-4FC3-ABE8-BD0388DD5EB1}.Debug|x86.Build.0 = Debug|Win32
		{907A93BD-FE30-4FC3-ABE8-BD0388DD5EB1}.Release|x64.ActiveCfg = Release|x64
		{907A93BD-FE30-4FC3-ABE8-BD0388DD5EB1}.Release|x64.Build.0 = Release|x64
		{907A93BD-FE30-4FC3-ABE8-BD0388DD5EB1}.Release|x86.ActiveCfg = Release|Win32
		{907A93BD-FE30-4FC3-ABE8-BD0388DD5EB1}.Release|x86.Build.0 = Release|Win32
	EndGlobalSection
	GlobalSection(SolutionProperties) = preSolution
		HideSolutionNode = FALSE
	EndGlobalSection
	GlobalSection(ExtensibilityGlobals) = postSolution
		SolutionGuid = {180243A3-07F6-4332-96F8-8BEF411310B0}
	EndGlobalSection
EndGlobal
