
Microsoft Visual Studio Solution File, Format Version 12.00
# Visual Studio Version 17
VisualStudioVersion = 17.8.34511.84
MinimumVisualStudioVersion = 10.0.40219.1
Project("{8BC9CEB8-8B4A-11D0-8D11-00A0C91BC942}") = "Lesson #52 - Write Mode- Write Data To File", "Lesson #52 - Write Mode- Write Data To File.vcxproj", "{1A27B623-D833-4EB5-A752-B242E0423E38}"
EndProject
Global
	GlobalSection(SolutionConfigurationPlatforms) = preSolution
		Debug|x64 = Debug|x64
		Debug|x86 = Debug|x86
		Release|x64 = Release|x64
		Release|x86 = Release|x86
	EndGlobalSection
	GlobalSection(ProjectConfigurationPlatforms) = postSolution
		{1A27B623-D833-4EB5-A752-B242E0423E38}.Debug|x64.ActiveCfg = Debug|x64
		{1A27B623-D833-4EB5-A752-B242E0423E38}.Debug|x64.Build.0 = Debug|x64
		{1A27B623-D833-4EB5-A752-B242E0423E38}.Debug|x86.ActiveCfg = Debug|Win32
		{1A27B623-D833-4EB5-A752-B242E0423E38}.Debug|x86.Build.0 = Debug|Win32
		{1A27B623-D833-4EB5-A752-B242E0423E38}.Release|x64.ActiveCfg = Release|x64
		{1A27B623-D833-4EB5-A752-B242E0423E38}.Release|x64.Build.0 = Release|x64
		{1A27B623-D833-4EB5-A752-B242E0423E38}.Release|x86.ActiveCfg = Release|Win32
		{1A27B623-D833-4EB5-A752-B242E0423E38}.Release|x86.Build.0 = Release|Win32
	EndGlobalSection
	GlobalSection(SolutionProperties) = preSolution
		HideSolutionNode = FALSE
	EndGlobalSection
	GlobalSection(ExtensibilityGlobals) = postSolution
		SolutionGuid = {F3402CC6-BFF2-4B74-BB32-0B260482F16B}
	EndGlobalSection
EndGlobal
