
Microsoft Visual Studio Solution File, Format Version 12.00
# Visual Studio Version 17
VisualStudioVersion = 17.14.36301.6 d17.14
MinimumVisualStudioVersion = 10.0.40219.1
Project("{FAE04EC0-301F-11D3-BF4B-00C04F79EFBC}") = "Lesson _09 - Parameterized Query With Like", "Lesson _09 - Parameterized Query With Like.csproj", "{8C3FBAE5-D4B9-4B29-BDA8-64DA46FE1A4C}"
EndProject
Global
	GlobalSection(SolutionConfigurationPlatforms) = preSolution
		Debug|Any CPU = Debug|Any CPU
		Release|Any CPU = Release|Any CPU
	EndGlobalSection
	GlobalSection(ProjectConfigurationPlatforms) = postSolution
		{8C3FBAE5-D4B9-4B29-BDA8-64DA46FE1A4C}.Debug|Any CPU.ActiveCfg = Debug|Any CPU
		{8C3FBAE5-D4B9-4B29-BDA8-64DA46FE1A4C}.Debug|Any CPU.Build.0 = Debug|Any CPU
		{8C3FBAE5-D4B9-4B29-BDA8-64DA46FE1A4C}.Release|Any CPU.ActiveCfg = Release|Any CPU
		{8C3FBAE5-D4B9-4B29-BDA8-64DA46FE1A4C}.Release|Any CPU.Build.0 = Release|Any CPU
	EndGlobalSection
	GlobalSection(SolutionProperties) = preSolution
		HideSolutionNode = FALSE
	EndGlobalSection
	GlobalSection(ExtensibilityGlobals) = postSolution
		SolutionGuid = {BB215985-A7EC-4203-9FA7-B2174B309FAE}
	EndGlobalSection
EndGlobal
