
Microsoft Visual Studio Solution File, Format Version 12.00
# Visual Studio Version 17
VisualStudioVersion = 17.14.37111.16 d17.14
MinimumVisualStudioVersion = 10.0.40219.1
Project("{FAE04EC0-301F-11D3-BF4B-00C04F79EFBC}") = "Lesson _38 - DataView - Filtering", "Lesson _38 - DataView - Filtering\Lesson _38 - DataView - Filtering.csproj", "{DDE5FB46-EE69-4968-8BF1-6FF2193A806C}"
EndProject
Global
	GlobalSection(SolutionConfigurationPlatforms) = preSolution
		Debug|Any CPU = Debug|Any CPU
		Release|Any CPU = Release|Any CPU
	EndGlobalSection
	GlobalSection(ProjectConfigurationPlatforms) = postSolution
		{DDE5FB46-EE69-4968-8BF1-6FF2193A806C}.Debug|Any CPU.ActiveCfg = Debug|Any CPU
		{DDE5FB46-EE69-4968-8BF1-6FF2193A806C}.Debug|Any CPU.Build.0 = Debug|Any CPU
		{DDE5FB46-EE69-4968-8BF1-6FF2193A806C}.Release|Any CPU.ActiveCfg = Release|Any CPU
		{DDE5FB46-EE69-4968-8BF1-6FF2193A806C}.Release|Any CPU.Build.0 = Release|Any CPU
	EndGlobalSection
	GlobalSection(SolutionProperties) = preSolution
		HideSolutionNode = FALSE
	EndGlobalSection
	GlobalSection(ExtensibilityGlobals) = postSolution
		SolutionGuid = {D98C8BF9-1112-460C-98AE-520C0184BCB2}
	EndGlobalSection
EndGlobal
