
Microsoft Visual Studio Solution File, Format Version 12.00
# Visual Studio Version 17
VisualStudioVersion = 17.8.34511.84
MinimumVisualStudioVersion = 10.0.40219.1
Project("{8BC9CEB8-8B4A-11D0-8D11-00A0C91BC942}") = "Problem #33 - ProgrammingAdvices", "Problem #33 - ProgrammingAdvices.vcxproj", "{C9ABC87F-5037-450D-97B2-B40698540D56}"
EndProject
Global
	GlobalSection(SolutionConfigurationPlatforms) = preSolution
		Debug|x64 = Debug|x64
		Debug|x86 = Debug|x86
		Release|x64 = Release|x64
		Release|x86 = Release|x86
	EndGlobalSection
	GlobalSection(ProjectConfigurationPlatforms) = postSolution
		{C9ABC87F-5037-450D-97B2-B40698540D56}.Debug|x64.ActiveCfg = Debug|x64
		{C9ABC87F-5037-450D-97B2-B40698540D56}.Debug|x64.Build.0 = Debug|x64
		{C9ABC87F-5037-450D-97B2-B40698540D56}.Debug|x86.ActiveCfg = Debug|Win32
		{C9ABC87F-5037-450D-97B2-B40698540D56}.Debug|x86.Build.0 = Debug|Win32
		{C9ABC87F-5037-450D-97B2-B40698540D56}.Release|x64.ActiveCfg = Release|x64
		{C9ABC87F-5037-450D-97B2-B40698540D56}.Release|x64.Build.0 = Release|x64
		{C9ABC87F-5037-450D-97B2-B40698540D56}.Release|x86.ActiveCfg = Release|Win32
		{C9ABC87F-5037-450D-97B2-B40698540D56}.Release|x86.Build.0 = Release|Win32
	EndGlobalSection
	GlobalSection(SolutionProperties) = preSolution
		HideSolutionNode = FALSE
	EndGlobalSection
	GlobalSection(ExtensibilityGlobals) = postSolution
		SolutionGuid = {62042BA8-6F40-4911-9ABE-D9E17EC7526E}
	EndGlobalSection
EndGlobal
