
Microsoft Visual Studio Solution File, Format Version 12.00
# Visual Studio Version 17
VisualStudioVersion = 17.8.34511.84
MinimumVisualStudioVersion = 10.0.40219.1
Project("{8BC9CEB8-8B4A-11D0-8D11-00A0C91BC942}") = "Problem #09 - ProgrammingAdvices", "Problem #09 - ProgrammingAdvices.vcxproj", "{EE71043A-2090-4A22-BA25-2F4CC68C012A}"
EndProject
Global
	GlobalSection(SolutionConfigurationPlatforms) = preSolution
		Debug|x64 = Debug|x64
		Debug|x86 = Debug|x86
		Release|x64 = Release|x64
		Release|x86 = Release|x86
	EndGlobalSection
	GlobalSection(ProjectConfigurationPlatforms) = postSolution
		{EE71043A-2090-4A22-BA25-2F4CC68C012A}.Debug|x64.ActiveCfg = Debug|x64
		{EE71043A-2090-4A22-BA25-2F4CC68C012A}.Debug|x64.Build.0 = Debug|x64
		{EE71043A-2090-4A22-BA25-2F4CC68C012A}.Debug|x86.ActiveCfg = Debug|Win32
		{EE71043A-2090-4A22-BA25-2F4CC68C012A}.Debug|x86.Build.0 = Debug|Win32
		{EE71043A-2090-4A22-BA25-2F4CC68C012A}.Release|x64.ActiveCfg = Release|x64
		{EE71043A-2090-4A22-BA25-2F4CC68C012A}.Release|x64.Build.0 = Release|x64
		{EE71043A-2090-4A22-BA25-2F4CC68C012A}.Release|x86.ActiveCfg = Release|Win32
		{EE71043A-2090-4A22-BA25-2F4CC68C012A}.Release|x86.Build.0 = Release|Win32
	EndGlobalSection
	GlobalSection(SolutionProperties) = preSolution
		HideSolutionNode = FALSE
	EndGlobalSection
	GlobalSection(ExtensibilityGlobals) = postSolution
		SolutionGuid = {01CD5EBE-5C39-4C2F-A780-E12CA22E7EFC}
	EndGlobalSection
EndGlobal
